
Microsoft Visual Studio Solution File, Format Version 12.00
# Visual Studio Version 17
VisualStudioVersion = 17.6.33829.357
MinimumVisualStudioVersion = 10.0.40219.1
Project("{FAE04EC0-301F-11D3-BF4B-00C04F79EFBC}") = "Numeros", "Numeros.csproj", "{B0F36766-5B6B-4BBB-B339-8397A2815DCE}"
EndProject
Global
	GlobalSection(SolutionConfigurationPlatforms) = preSolution
		Debug|Any CPU = Debug|Any CPU
		Release|Any CPU = Release|Any CPU
	EndGlobalSection
	GlobalSection(ProjectConfigurationPlatforms) = postSolution
		{B0F36766-5B6B-4BBB-B339-8397A2815DCE}.Debug|Any CPU.ActiveCfg = Debug|Any CPU
		{B0F36766-5B6B-4BBB-B339-8397A2815DCE}.Debug|Any CPU.Build.0 = Debug|Any CPU
		{B0F36766-5B6B-4BBB-B339-8397A2815DCE}.Release|Any CPU.ActiveCfg = Release|Any CPU
		{B0F36766-5B6B-4BBB-B339-8397A2815DCE}.Release|Any CPU.Build.0 = Release|Any CPU
	EndGlobalSection
	GlobalSection(SolutionProperties) = preSolution
		HideSolutionNode = FALSE
	EndGlobalSection
	GlobalSection(ExtensibilityGlobals) = postSolution
		SolutionGuid = {FB6C6B2F-AD0E-4268-BFFE-D670EE6456DB}
	EndGlobalSection
EndGlobal
